
Microsoft Visual Studio Solution File, Format Version 12.00
# Visual Studio 15
VisualStudioVersion = 15.0.26430.14
MinimumVisualStudioVersion = 10.0.40219.1
Project("{FAE04EC0-301F-11D3-BF4B-00C04F79EFBC}") = "Command", "Command\Command.csproj", "{38D50677-48DA-47AB-89EB-DC7B09C10265}"
EndProject
Project("{FAE04EC0-301F-11D3-BF4B-00C04F79EFBC}") = "UnitTestProject1", "UnitTestProject1\UnitTestProject1.csproj", "{AAFA6A9B-094D-42F8-BE73-E3D60A66879F}"
EndProject
Global
	GlobalSection(SolutionConfigurationPlatforms) = preSolution
		Debug|Any CPU = Debug|Any CPU
		Release|Any CPU = Release|Any CPU
	EndGlobalSection
	GlobalSection(ProjectConfigurationPlatforms) = postSolution
		{38D50677-48DA-47AB-89EB-DC7B09C10265}.Debug|Any CPU.ActiveCfg = Debug|Any CPU
		{38D50677-48DA-47AB-89EB-DC7B09C10265}.Debug|Any CPU.Build.0 = Debug|Any CPU
		{38D50677-48DA-47AB-89EB-DC7B09C10265}.Release|Any CPU.ActiveCfg = Release|Any CPU
		{38D50677-48DA-47AB-89EB-DC7B09C10265}.Release|Any CPU.Build.0 = Release|Any CPU
		{AAFA6A9B-094D-42F8-BE73-E3D60A66879F}.Debug|Any CPU.ActiveCfg = Debug|Any CPU
		{AAFA6A9B-094D-42F8-BE73-E3D60A66879F}.Debug|Any CPU.Build.0 = Debug|Any CPU
		{AAFA6A9B-094D-42F8-BE73-E3D60A66879F}.Release|Any CPU.ActiveCfg = Release|Any CPU
		{AAFA6A9B-094D-42F8-BE73-E3D60A66879F}.Release|Any CPU.Build.0 = Release|Any CPU
	EndGlobalSection
	GlobalSection(SolutionProperties) = preSolution
		HideSolutionNode = FALSE
	EndGlobalSection
EndGlobal
